
Microsoft Visual Studio Solution File, Format Version 12.00
# Visual Studio Express 2013 for Windows Desktop
VisualStudioVersion = 12.0.30723.0
MinimumVisualStudioVersion = 10.0.40219.1
Project("{2150E333-8FDC-42A3-9474-1A3956D46DE8}") = "Libs", "Libs", "{C0502F12-30AB-462F-A8D0-86DFAEEC4206}"
EndProject
Project("{2150E333-8FDC-42A3-9474-1A3956D46DE8}") = "Root", "Root", "{F45C411F-D0DF-4C57-AC6C-A600F52DDACE}"
	ProjectSection(SolutionItems) = preProject
		Orpheus.fsx = Orpheus.fsx
		README.md = README.md
	EndProjectSection
EndProject
Project("{F2A71F9B-5D33-465A-A702-920D77279786}") = "Orpheus", "Libs\Orpheus\Orpheus.fsproj", "{5ED1F005-3CA3-43A5-8FF8-C6C099E78B37}"
EndProject
Global
	GlobalSection(SolutionConfigurationPlatforms) = preSolution
		Debug|Any CPU = Debug|Any CPU
		Release|Any CPU = Release|Any CPU
	EndGlobalSection
	GlobalSection(ProjectConfigurationPlatforms) = postSolution
		{5ED1F005-3CA3-43A5-8FF8-C6C099E78B37}.Debug|Any CPU.ActiveCfg = Debug|Any CPU
		{5ED1F005-3CA3-43A5-8FF8-C6C099E78B37}.Debug|Any CPU.Build.0 = Debug|Any CPU
		{5ED1F005-3CA3-43A5-8FF8-C6C099E78B37}.Release|Any CPU.ActiveCfg = Release|Any CPU
		{5ED1F005-3CA3-43A5-8FF8-C6C099E78B37}.Release|Any CPU.Build.0 = Release|Any CPU
	EndGlobalSection
	GlobalSection(SolutionProperties) = preSolution
		HideSolutionNode = FALSE
	EndGlobalSection
	GlobalSection(NestedProjects) = preSolution
		{5ED1F005-3CA3-43A5-8FF8-C6C099E78B37} = {C0502F12-30AB-462F-A8D0-86DFAEEC4206}
	EndGlobalSection
EndGlobal
